DEPENDENCIES
  mongodb3-objects
    path: .
    metadata: true
  mongotest
    path: test/fixtures/cookbooks/mongotest

GRAPH
  apt (3.0.0)
  mongo_chef_gem (0.1.1)
  mongodb3 (5.1.0)
    apt (>= 0.0.0)
    runit (~> 1.7.0)
    user (>= 0.0.0)
    yum (>= 0.0.0)
  mongodb3-objects (0.3.1)
    mongo_chef_gem (~> 0.1)
    mongodb3 (~> 5.0)
  mongotest (1.0.0)
    mongodb3 (>= 0.0.0)
    mongodb3-objects (>= 0.0.0)
  packagecloud (0.2.0)
  runit (1.7.6)
    packagecloud (>= 0.0.0)
  user (0.4.2)
  yum (3.10.0)
